
Microsoft Visual Studio Solution File, Format Version 12.00
# Visual Studio 2013
VisualStudioVersion = 12.0.30501.0
MinimumVisualStudioVersion = 10.0.40219.1
Project("{FAE04EC0-301F-11D3-BF4B-00C04F79EFBC}") = "FluidEarth2_Sdk", "FluidEarth2_Sdk.csproj", "{7FEF9F98-CE0F-4872-80A9-323456997B38}"
EndProject
Global
	GlobalSection(SolutionConfigurationPlatforms) = preSolution
		Debug|Any CPU = Debug|Any CPU
		Debug|x64 = Debug|x64
		Debug|x86 = Debug|x86
		DebugAdaptedOutputsNative|Any CPU = DebugAdaptedOutputsNative|Any CPU
		DebugAdaptedOutputsNative|x64 = DebugAdaptedOutputsNative|x64
		DebugAdaptedOutputsNative|x86 = DebugAdaptedOutputsNative|x86
		DebugMono|Any CPU = DebugMono|Any CPU
		DebugMono|x64 = DebugMono|x64
		DebugMono|x86 = DebugMono|x86
		DebugUnitTests|Any CPU = DebugUnitTests|Any CPU
		DebugUnitTests|x64 = DebugUnitTests|x64
		DebugUnitTests|x86 = DebugUnitTests|x86
		Documentation|Any CPU = Documentation|Any CPU
		Documentation|x64 = Documentation|x64
		Documentation|x86 = Documentation|x86
		InstallersDebug|Any CPU = InstallersDebug|Any CPU
		InstallersDebug|x64 = InstallersDebug|x64
		InstallersDebug|x86 = InstallersDebug|x86
		Release|Any CPU = Release|Any CPU
		Release|x64 = Release|x64
		Release|x86 = Release|x86
		ReleaseAdaptedOutputsNative|Any CPU = ReleaseAdaptedOutputsNative|Any CPU
		ReleaseAdaptedOutputsNative|x64 = ReleaseAdaptedOutputsNative|x64
		ReleaseAdaptedOutputsNative|x86 = ReleaseAdaptedOutputsNative|x86
		ReleaseMono|Any CPU = ReleaseMono|Any CPU
		ReleaseMono|x64 = ReleaseMono|x64
		ReleaseMono|x86 = ReleaseMono|x86
		Sandcastle|Any CPU = Sandcastle|Any CPU
		Sandcastle|x64 = Sandcastle|x64
		Sandcastle|x86 = Sandcastle|x86
		StaticCodeContracts|Any CPU = StaticCodeContracts|Any CPU
		StaticCodeContracts|x64 = StaticCodeContracts|x64
		StaticCodeContracts|x86 = StaticCodeContracts|x86
	EndGlobalSection
	GlobalSection(ProjectConfigurationPlatforms) = postSolution
		{7FEF9F98-CE0F-4872-80A9-323456997B38}.Debug|Any CPU.ActiveCfg = Debug|Any CPU
		{7FEF9F98-CE0F-4872-80A9-323456997B38}.Debug|Any CPU.Build.0 = Debug|Any CPU
		{7FEF9F98-CE0F-4872-80A9-323456997B38}.Debug|x64.ActiveCfg = Debug|x64
		{7FEF9F98-CE0F-4872-80A9-323456997B38}.Debug|x64.Build.0 = Debug|x64
		{7FEF9F98-CE0F-4872-80A9-323456997B38}.Debug|x86.ActiveCfg = Debug|x86
		{7FEF9F98-CE0F-4872-80A9-323456997B38}.Debug|x86.Build.0 = Debug|x86
		{7FEF9F98-CE0F-4872-80A9-323456997B38}.DebugAdaptedOutputsNative|Any CPU.ActiveCfg = DebugAdaptedOutputsNative|Any CPU
		{7FEF9F98-CE0F-4872-80A9-323456997B38}.DebugAdaptedOutputsNative|Any CPU.Build.0 = DebugAdaptedOutputsNative|Any CPU
		{7FEF9F98-CE0F-4872-80A9-323456997B38}.DebugAdaptedOutputsNative|x64.ActiveCfg = DebugAdaptedOutputsNative|x64
		{7FEF9F98-CE0F-4872-80A9-323456997B38}.DebugAdaptedOutputsNative|x64.Build.0 = DebugAdaptedOutputsNative|x64
		{7FEF9F98-CE0F-4872-80A9-323456997B38}.DebugAdaptedOutputsNative|x86.ActiveCfg = DebugAdaptedOutputsNative|x86
		{7FEF9F98-CE0F-4872-80A9-323456997B38}.DebugAdaptedOutputsNative|x86.Build.0 = DebugAdaptedOutputsNative|x86
		{7FEF9F98-CE0F-4872-80A9-323456997B38}.DebugMono|Any CPU.ActiveCfg = DebugMono|Any CPU
		{7FEF9F98-CE0F-4872-80A9-323456997B38}.DebugMono|Any CPU.Build.0 = DebugMono|Any CPU
		{7FEF9F98-CE0F-4872-80A9-323456997B38}.DebugMono|x64.ActiveCfg = DebugMono|x64
		{7FEF9F98-CE0F-4872-80A9-323456997B38}.DebugMono|x64.Build.0 = DebugMono|x64
		{7FEF9F98-CE0F-4872-80A9-323456997B38}.DebugMono|x86.ActiveCfg = DebugMono|x86
		{7FEF9F98-CE0F-4872-80A9-323456997B38}.DebugMono|x86.Build.0 = DebugMono|x86
		{7FEF9F98-CE0F-4872-80A9-323456997B38}.DebugUnitTests|Any CPU.ActiveCfg = DebugUnitTests|Any CPU
		{7FEF9F98-CE0F-4872-80A9-323456997B38}.DebugUnitTests|Any CPU.Build.0 = DebugUnitTests|Any CPU
		{7FEF9F98-CE0F-4872-80A9-323456997B38}.DebugUnitTests|x64.ActiveCfg = DebugUnitTests|x64
		{7FEF9F98-CE0F-4872-80A9-323456997B38}.DebugUnitTests|x64.Build.0 = DebugUnitTests|x64
		{7FEF9F98-CE0F-4872-80A9-323456997B38}.DebugUnitTests|x86.ActiveCfg = DebugUnitTests|x86
		{7FEF9F98-CE0F-4872-80A9-323456997B38}.DebugUnitTests|x86.Build.0 = DebugUnitTests|x86
		{7FEF9F98-CE0F-4872-80A9-323456997B38}.Documentation|Any CPU.ActiveCfg = Documentation|Any CPU
		{7FEF9F98-CE0F-4872-80A9-323456997B38}.Documentation|Any CPU.Build.0 = Documentation|Any CPU
		{7FEF9F98-CE0F-4872-80A9-323456997B38}.Documentation|x64.ActiveCfg = Documentation|x64
		{7FEF9F98-CE0F-4872-80A9-323456997B38}.Documentation|x64.Build.0 = Documentation|x64
		{7FEF9F98-CE0F-4872-80A9-323456997B38}.Documentation|x86.ActiveCfg = Documentation|x86
		{7FEF9F98-CE0F-4872-80A9-323456997B38}.Documentation|x86.Build.0 = Documentation|x86
		{7FEF9F98-CE0F-4872-80A9-323456997B38}.InstallersDebug|Any CPU.ActiveCfg = InstallersDebug|Any CPU
		{7FEF9F98-CE0F-4872-80A9-323456997B38}.InstallersDebug|Any CPU.Build.0 = InstallersDebug|Any CPU
		{7FEF9F98-CE0F-4872-80A9-323456997B38}.InstallersDebug|x64.ActiveCfg = InstallersDebug|x64
		{7FEF9F98-CE0F-4872-80A9-323456997B38}.InstallersDebug|x64.Build.0 = InstallersDebug|x64
		{7FEF9F98-CE0F-4872-80A9-323456997B38}.InstallersDebug|x86.ActiveCfg = InstallersDebug|x86
		{7FEF9F98-CE0F-4872-80A9-323456997B38}.InstallersDebug|x86.Build.0 = InstallersDebug|x86
		{7FEF9F98-CE0F-4872-80A9-323456997B38}.Release|Any CPU.ActiveCfg = Release|Any CPU
		{7FEF9F98-CE0F-4872-80A9-323456997B38}.Release|Any CPU.Build.0 = Release|Any CPU
		{7FEF9F98-CE0F-4872-80A9-323456997B38}.Release|x64.ActiveCfg = Release|x64
		{7FEF9F98-CE0F-4872-80A9-323456997B38}.Release|x64.Build.0 = Release|x64
		{7FEF9F98-CE0F-4872-80A9-323456997B38}.Release|x86.ActiveCfg = Release|x86
		{7FEF9F98-CE0F-4872-80A9-323456997B38}.Release|x86.Build.0 = Release|x86
		{7FEF9F98-CE0F-4872-80A9-323456997B38}.ReleaseAdaptedOutputsNative|Any CPU.ActiveCfg = ReleaseAdaptedOutputsNative|Any CPU
		{7FEF9F98-CE0F-4872-80A9-323456997B38}.ReleaseAdaptedOutputsNative|Any CPU.Build.0 = ReleaseAdaptedOutputsNative|Any CPU
		{7FEF9F98-CE0F-4872-80A9-323456997B38}.ReleaseAdaptedOutputsNative|x64.ActiveCfg = ReleaseAdaptedOutputsNative|x64
		{7FEF9F98-CE0F-4872-80A9-323456997B38}.ReleaseAdaptedOutputsNative|x64.Build.0 = ReleaseAdaptedOutputsNative|x64
		{7FEF9F98-CE0F-4872-80A9-323456997B38}.ReleaseAdaptedOutputsNative|x86.ActiveCfg = ReleaseAdaptedOutputsNative|x86
		{7FEF9F98-CE0F-4872-80A9-323456997B38}.ReleaseAdaptedOutputsNative|x86.Build.0 = ReleaseAdaptedOutputsNative|x86
		{7FEF9F98-CE0F-4872-80A9-323456997B38}.ReleaseMono|Any CPU.ActiveCfg = ReleaseMono|Any CPU
		{7FEF9F98-CE0F-4872-80A9-323456997B38}.ReleaseMono|Any CPU.Build.0 = ReleaseMono|Any CPU
		{7FEF9F98-CE0F-4872-80A9-323456997B38}.ReleaseMono|x64.ActiveCfg = ReleaseMono|x64
		{7FEF9F98-CE0F-4872-80A9-323456997B38}.ReleaseMono|x64.Build.0 = ReleaseMono|x64
		{7FEF9F98-CE0F-4872-80A9-323456997B38}.ReleaseMono|x86.ActiveCfg = ReleaseMono|x86
		{7FEF9F98-CE0F-4872-80A9-323456997B38}.ReleaseMono|x86.Build.0 = ReleaseMono|x86
		{7FEF9F98-CE0F-4872-80A9-323456997B38}.Sandcastle|Any CPU.ActiveCfg = Sandcastle|Any CPU
		{7FEF9F98-CE0F-4872-80A9-323456997B38}.Sandcastle|Any CPU.Build.0 = Sandcastle|Any CPU
		{7FEF9F98-CE0F-4872-80A9-323456997B38}.Sandcastle|x64.ActiveCfg = Sandcastle|x64
		{7FEF9F98-CE0F-4872-80A9-323456997B38}.Sandcastle|x64.Build.0 = Sandcastle|x64
		{7FEF9F98-CE0F-4872-80A9-323456997B38}.Sandcastle|x86.ActiveCfg = Sandcastle|x86
		{7FEF9F98-CE0F-4872-80A9-323456997B38}.Sandcastle|x86.Build.0 = Sandcastle|x86
		{7FEF9F98-CE0F-4872-80A9-323456997B38}.StaticCodeContracts|Any CPU.ActiveCfg = StaticCodeContracts|Any CPU
		{7FEF9F98-CE0F-4872-80A9-323456997B38}.StaticCodeContracts|Any CPU.Build.0 = StaticCodeContracts|Any CPU
		{7FEF9F98-CE0F-4872-80A9-323456997B38}.StaticCodeContracts|x64.ActiveCfg = StaticCodeContracts|x64
		{7FEF9F98-CE0F-4872-80A9-323456997B38}.StaticCodeContracts|x64.Build.0 = StaticCodeContracts|x64
		{7FEF9F98-CE0F-4872-80A9-323456997B38}.StaticCodeContracts|x86.ActiveCfg = StaticCodeContracts|x86
		{7FEF9F98-CE0F-4872-80A9-323456997B38}.StaticCodeContracts|x86.Build.0 = StaticCodeContracts|x86
	EndGlobalSection
	GlobalSection(SolutionProperties) = preSolution
		HideSolutionNode = FALSE
	EndGlobalSection
EndGlobal
